
Microsoft Visual Studio Solution File, Format Version 12.00
# Visual Studio 15
VisualStudioVersion = 15.0.27130.2027
MinimumVisualStudioVersion = 10.0.40219.1
Project("{FAE04EC0-301F-11D3-BF4B-00C04F79EFBC}") = "WPF.HostWindow", "WPF.HostWindow\WPF.HostWindow.csproj", "{EE1C05A9-5CFB-4D76-9870-1114C4744C5C}"
EndProject
Project("{FAE04EC0-301F-11D3-BF4B-00C04F79EFBC}") = "VisualTargetDemo", "VisualTargetDemo\VisualTargetDemo.csproj", "{4EB8D037-60CC-4625-B7F4-3FE88C131226}"
EndProject
Project("{2150E333-8FDC-42A3-9474-1A3956D46DE8}") = "nuget", "nuget", "{98F82E33-0AAB-44A7-81CB-B044D9BE6B7F}"
	ProjectSection(SolutionItems) = preProject
		history.md = history.md
	EndProjectSection
EndProject
Project("{FAE04EC0-301F-11D3-BF4B-00C04F79EFBC}") = "MultithreadedUI", "MultithreadedUI\MultithreadedUI.csproj", "{E04B135A-794D-4050-BB70-38F902674E9B}"
EndProject
Project("{FAE04EC0-301F-11D3-BF4B-00C04F79EFBC}") = "EmbedWindow", "EmbedWindow\EmbedWindow.csproj", "{51BFA2A6-3625-492E-A6BD-BA50369CC29A}"
EndProject
Global
	GlobalSection(SolutionConfigurationPlatforms) = preSolution
		Debug|Any CPU = Debug|Any CPU
		Release|Any CPU = Release|Any CPU
	EndGlobalSection
	GlobalSection(ProjectConfigurationPlatforms) = postSolution
		{EE1C05A9-5CFB-4D76-9870-1114C4744C5C}.Debug|Any CPU.ActiveCfg = Debug|Any CPU
		{EE1C05A9-5CFB-4D76-9870-1114C4744C5C}.Debug|Any CPU.Build.0 = Debug|Any CPU
		{EE1C05A9-5CFB-4D76-9870-1114C4744C5C}.Release|Any CPU.ActiveCfg = Release|Any CPU
		{EE1C05A9-5CFB-4D76-9870-1114C4744C5C}.Release|Any CPU.Build.0 = Release|Any CPU
		{4EB8D037-60CC-4625-B7F4-3FE88C131226}.Debug|Any CPU.ActiveCfg = Debug|Any CPU
		{4EB8D037-60CC-4625-B7F4-3FE88C131226}.Debug|Any CPU.Build.0 = Debug|Any CPU
		{4EB8D037-60CC-4625-B7F4-3FE88C131226}.Release|Any CPU.ActiveCfg = Release|Any CPU
		{4EB8D037-60CC-4625-B7F4-3FE88C131226}.Release|Any CPU.Build.0 = Release|Any CPU
		{E04B135A-794D-4050-BB70-38F902674E9B}.Debug|Any CPU.ActiveCfg = Debug|Any CPU
		{E04B135A-794D-4050-BB70-38F902674E9B}.Debug|Any CPU.Build.0 = Debug|Any CPU
		{E04B135A-794D-4050-BB70-38F902674E9B}.Release|Any CPU.ActiveCfg = Release|Any CPU
		{E04B135A-794D-4050-BB70-38F902674E9B}.Release|Any CPU.Build.0 = Release|Any CPU
		{51BFA2A6-3625-492E-A6BD-BA50369CC29A}.Debug|Any CPU.ActiveCfg = Debug|Any CPU
		{51BFA2A6-3625-492E-A6BD-BA50369CC29A}.Debug|Any CPU.Build.0 = Debug|Any CPU
		{51BFA2A6-3625-492E-A6BD-BA50369CC29A}.Release|Any CPU.ActiveCfg = Release|Any CPU
		{51BFA2A6-3625-492E-A6BD-BA50369CC29A}.Release|Any CPU.Build.0 = Release|Any CPU
		{FEECD3BF-7C3D-4BA0-9681-8E515C7154E9}.Debug|Any CPU.ActiveCfg = Debug|Any CPU
		{FEECD3BF-7C3D-4BA0-9681-8E515C7154E9}.Debug|Any CPU.Build.0 = Debug|Any CPU
		{FEECD3BF-7C3D-4BA0-9681-8E515C7154E9}.Release|Any CPU.ActiveCfg = Release|Any CPU
		{FEECD3BF-7C3D-4BA0-9681-8E515C7154E9}.Release|Any CPU.Build.0 = Release|Any CPU
	EndGlobalSection
	GlobalSection(SolutionProperties) = preSolution
		HideSolutionNode = FALSE
	EndGlobalSection
	GlobalSection(ExtensibilityGlobals) = postSolution
		SolutionGuid = {52EE0D97-D6F8-4268-A746-4CA7F4C7184F}
	EndGlobalSection
EndGlobal
